// !$*UTF8*$!
{
	archiveVersion = 1;
	classes = {
	};
	objectVersion = 56;
	objects = {

/* Begin PBXBuildFile section */
		47DD3A1528DC0C6E002C8A19 /* UI_676App.swift in Sources */ = {isa = PBXBuildFile; fileRef = 47DD3A1428DC0C6E002C8A19 /* UI_676App.swift */; };
		47DD3A1728DC0C6E002C8A19 /* ContentView.swift in Sources */ = {isa = PBXBuildFile; fileRef = 47DD3A1628DC0C6E002C8A19 /* ContentView.swift */; };
		47DD3A1928DC0C6F002C8A19 /* Assets.xcassets in Resources */ = {isa = PBXBuildFile; fileRef = 47DD3A1828DC0C6F002C8A19 /* Assets.xcassets */; };
		47DD3A1C28DC0C6F002C8A19 /* Preview Assets.xcassets in Resources */ = {isa = PBXBuildFile; fileRef = 47DD3A1B28DC0C6F002C8A19 /* Preview Assets.xcassets */; };
		47DD3A2628DC0C6F002C8A19 /* UI_676Tests.swift in Sources */ = {isa = PBXBuildFile; fileRef = 47DD3A2528DC0C6F002C8A19 /* UI_676Tests.swift */; };
		47DD3A3028DC0C6F002C8A19 /* UI_676UITests.swift in Sources */ = {isa = PBXBuildFile; fileRef = 47DD3A2F28DC0C6F002C8A19 /* UI_676UITests.swift */; };
		47DD3A3228DC0C6F002C8A19 /* UI_676UITestsLaunchTests.swift in Sources */ = {isa = PBXBuildFile; fileRef = 47DD3A3128DC0C6F002C8A19 /* UI_676UITestsLaunchTests.swift */; };
		47DD3A4028DC0C90002C8A19 /* Home.swift in Sources */ = {isa = PBXBuildFile; fileRef = 47DD3A3F28DC0C90002C8A19 /* Home.swift */; };
/* End PBXBuildFile section */

/* Begin PBXContainerItemProxy section */
		47DD3A2228DC0C6F002C8A19 /* PBXContainerItemProxy */ = {
			isa = PBXContainerItemProxy;
			containerPortal = 47DD3A0928DC0C6E002C8A19 /* Project object */;
			proxyType = 1;
			remoteGlobalIDString = 47DD3A1028DC0C6E002C8A19;
			remoteInfo = "UI-676";
		};
		47DD3A2C28DC0C6F002C8A19 /* PBXContainerItemProxy */ = {
			isa = PBXContainerItemProxy;
			containerPortal = 47DD3A0928DC0C6E002C8A19 /* Project object */;
			proxyType = 1;
			remoteGlobalIDString = 47DD3A1028DC0C6E002C8A19;
			remoteInfo = "UI-676";
		};
/* End PBXContainerItemProxy section */

/* Begin PBXFileReference section */
		47DD3A1128DC0C6E002C8A19 /* UI-676.app */ = {isa = PBXFileReference; explicitFileType = wrapper.application; includeInIndex = 0; path = "UI-676.app"; sourceTree = BUILT_PRODUCTS_DIR; };
		47DD3A1428DC0C6E002C8A19 /* UI_676App.swift */ = {isa = PBXFileReference; lastKnownFileType = sourcecode.swift; path = UI_676App.swift; sourceTree = "<group>"; };
		47DD3A1628DC0C6E002C8A19 /* ContentView.swift */ = {isa = PBXFileReference; lastKnownFileType = sourcecode.swift; path = ContentView.swift; sourceTree = "<group>"; };
		47DD3A1828DC0C6F002C8A19 /* Assets.xcassets */ = {isa = PBXFileReference; lastKnownFileType = folder.assetcatalog; path = Assets.xcassets; sourceTree = "<group>"; };
		47DD3A1B28DC0C6F002C8A19 /* Preview Assets.xcassets */ = {isa = PBXFileReference; lastKnownFileType = folder.assetcatalog; path = "Preview Assets.xcassets"; sourceTree = "<group>"; };
		47DD3A2128DC0C6F002C8A19 /* UI-676Tests.xctest */ = {isa = PBXFileReference; explicitFileType = wrapper.cfbundle; includeInIndex = 0; path = "UI-676Tests.xctest"; sourceTree = BUILT_PRODUCTS_DIR; };
		47DD3A2528DC0C6F002C8A19 /* UI_676Tests.swift */ = {isa = PBXFileReference; lastKnownFileType = sourcecode.swift; path = UI_676Tests.swift; sourceTree = "<group>"; };
		47DD3A2B28DC0C6F002C8A19 /* UI-676UITests.xctest */ = {isa = PBXFileReference; explicitFileType = wrapper.cfbundle; includeInIndex = 0; path = "UI-676UITests.xctest"; sourceTree = BUILT_PRODUCTS_DIR; };
		47DD3A2F28DC0C6F002C8A19 /* UI_676UITests.swift */ = {isa = PBXFileReference; lastKnownFileType = sourcecode.swift; path = UI_676UITests.swift; sourceTree = "<group>"; };
		47DD3A3128DC0C6F002C8A19 /* UI_676UITestsLaunchTests.swift */ = {isa = PBXFileReference; lastKnownFileType = sourcecode.swift; path = UI_676UITestsLaunchTests.swift; sourceTree = "<group>"; };
		47DD3A3F28DC0C90002C8A19 /* Home.swift */ = {isa = PBXFileReference; lastKnownFileType = sourcecode.swift; path = Home.swift; sourceTree = "<group>"; };
/* End PBXFileReference section */

/* Begin PBXFrameworksBuildPhase section */
		47DD3A0E28DC0C6E002C8A19 /* Frameworks */ = {
			isa = PBXFrameworksBuildPhase;
			buildActionMask = 2147483647;
			files = (
			);
			runOnlyForDeploymentPostprocessing = 0;
		};
		47DD3A1E28DC0C6F002C8A19 /* Frameworks */ = {
			isa = PBXFrameworksBuildPhase;
			buildActionMask = 2147483647;
			files = (
			);
			runOnlyForDeploymentPostprocessing = 0;
		};
		47DD3A2828DC0C6F002C8A19 /* Frameworks */ = {
			isa = PBXFrameworksBuildPhase;
			buildActionMask = 2147483647;
			files = (
			);
			runOnlyForDeploymentPostprocessing = 0;
		};
/* End PBXFrameworksBuildPhase section */

/* Begin PBXGroup section */
		47DD3A0828DC0C6E002C8A19 = {
			isa = PBXGroup;
			children = (
				47DD3A1328DC0C6E002C8A19 /* UI-676 */,
				47DD3A2428DC0C6F002C8A19 /* UI-676Tests */,
				47DD3A2E28DC0C6F002C8A19 /* UI-676UITests */,
				47DD3A1228DC0C6E002C8A19 /* Products */,
			);
			sourceTree = "<group>";
		};
		47DD3A1228DC0C6E002C8A19 /* Products */ = {
			isa = PBXGroup;
			children = (
				47DD3A1128DC0C6E002C8A19 /* UI-676.app */,
				47DD3A2128DC0C6F002C8A19 /* UI-676Tests.xctest */,
				47DD3A2B28DC0C6F002C8A19 /* UI-676UITests.xctest */,
			);
			name = Products;
			sourceTree = "<group>";
		};
		47DD3A1328DC0C6E002C8A19 /* UI-676 */ = {
			isa = PBXGroup;
			children = (
				47DD3A3E28DC0C8A002C8A19 /* View */,
				47DD3A1428DC0C6E002C8A19 /* UI_676App.swift */,
				47DD3A1628DC0C6E002C8A19 /* ContentView.swift */,
				47DD3A1828DC0C6F002C8A19 /* Assets.xcassets */,
				47DD3A1A28DC0C6F002C8A19 /* Preview Content */,
			);
			path = "UI-676";
			sourceTree = "<group>";
		};
		47DD3A1A28DC0C6F002C8A19 /* Preview Content */ = {
			isa = PBXGroup;
			children = (
				47DD3A1B28DC0C6F002C8A19 /* Preview Assets.xcassets */,
			);
			path = "Preview Content";
			sourceTree = "<group>";
		};
		47DD3A2428DC0C6F002C8A19 /* UI-676Tests */ = {
			isa = PBXGroup;
			children = (
				47DD3A2528DC0C6F002C8A19 /* UI_676Tests.swift */,
			);
			path = "UI-676Tests";
			sourceTree = "<group>";
		};
		47DD3A2E28DC0C6F002C8A19 /* UI-676UITests */ = {
			isa = PBXGroup;
			children = (
				47DD3A2F28DC0C6F002C8A19 /* UI_676UITests.swift */,
				47DD3A3128DC0C6F002C8A19 /* UI_676UITestsLaunchTests.swift */,
			);
			path = "UI-676UITests";
			sourceTree = "<group>";
		};
		47DD3A3E28DC0C8A002C8A19 /* View */ = {
			isa = PBXGroup;
			children = (
				47DD3A3F28DC0C90002C8A19 /* Home.swift */,
			);
			path = View;
			sourceTree = "<group>";
		};
/* End PBXGroup section */

/* Begin PBXNativeTarget section */
		47DD3A1028DC0C6E002C8A19 /* UI-676 */ = {
			isa = PBXNativeTarget;
			buildConfigurationList = 47DD3A3528DC0C6F002C8A19 /* Build configuration list for PBXNativeTarget "UI-676" */;
			buildPhases = (
				47DD3A0D28DC0C6E002C8A19 /* Sources */,
				47DD3A0E28DC0C6E002C8A19 /* Frameworks */,
				47DD3A0F28DC0C6E002C8A19 /* Resources */,
			);
			buildRules = (
			);
			dependencies = (
			);
			name = "UI-676";
			productName = "UI-676";
			productReference = 47DD3A1128DC0C6E002C8A19 /* UI-676.app */;
			productType = "com.apple.product-type.application";
		};
		47DD3A2028DC0C6F002C8A19 /* UI-676Tests */ = {
			isa = PBXNativeTarget;
			buildConfigurationList = 47DD3A3828DC0C6F002C8A19 /* Build configuration list for PBXNativeTarget "UI-676Tests" */;
			buildPhases = (
				47DD3A1D28DC0C6F002C8A19 /* Sources */,
				47DD3A1E28DC0C6F002C8A19 /* Frameworks */,
				47DD3A1F28DC0C6F002C8A19 /* Resources */,
			);
			buildRules = (
			);
			dependencies = (
				47DD3A2328DC0C6F002C8A19 /* PBXTargetDependency */,
			);
			name = "UI-676Tests";
			productName = "UI-676Tests";
			productReference = 47DD3A2128DC0C6F002C8A19 /* UI-676Tests.xctest */;
			productType = "com.apple.product-type.bundle.unit-test";
		};
		47DD3A2A28DC0C6F002C8A19 /* UI-676UITests */ = {
			isa = PBXNativeTarget;
			buildConfigurationList = 47DD3A3B28DC0C6F002C8A19 /* Build configuration list for PBXNativeTarget "UI-676UITests" */;
			buildPhases = (
				47DD3A2728DC0C6F002C8A19 /* Sources */,
				47DD3A2828DC0C6F002C8A19 /* Frameworks */,
				47DD3A2928DC0C6F002C8A19 /* Resources */,
			);
			buildRules = (
			);
			dependencies = (
				47DD3A2D28DC0C6F002C8A19 /* PBXTargetDependency */,
			);
			name = "UI-676UITests";
			productName = "UI-676UITests";
			productReference = 47DD3A2B28DC0C6F002C8A19 /* UI-676UITests.xctest */;
			productType = "com.apple.product-type.bundle.ui-testing";
		};
/* End PBXNativeTarget section */

/* Begin PBXProject section */
		47DD3A0928DC0C6E002C8A19 /* Project object */ = {
			isa = PBXProject;
			attributes = {
				BuildIndependentTargetsInParallel = 1;
				LastSwiftUpdateCheck = 1410;
				LastUpgradeCheck = 1410;
				TargetAttributes = {
					47DD3A1028DC0C6E002C8A19 = {
						CreatedOnToolsVersion = 14.1;
					};
					47DD3A2028DC0C6F002C8A19 = {
						CreatedOnToolsVersion = 14.1;
						TestTargetID = 47DD3A1028DC0C6E002C8A19;
					};
					47DD3A2A28DC0C6F002C8A19 = {
						CreatedOnToolsVersion = 14.1;
						TestTargetID = 47DD3A1028DC0C6E002C8A19;
					};
				};
			};
			buildConfigurationList = 47DD3A0C28DC0C6E002C8A19 /* Build configuration list for PBXProject "UI-676" */;
			compatibilityVersion = "Xcode 14.0";
			developmentRegion = en;
			hasScannedForEncodings = 0;
			knownRegions = (
				en,
				Base,
			);
			mainGroup = 47DD3A0828DC0C6E002C8A19;
			productRefGroup = 47DD3A1228DC0C6E002C8A19 /* Products */;
			projectDirPath = "";
			projectRoot = "";
			targets = (
				47DD3A1028DC0C6E002C8A19 /* UI-676 */,
				47DD3A2028DC0C6F002C8A19 /* UI-676Tests */,
				47DD3A2A28DC0C6F002C8A19 /* UI-676UITests */,
			);
		};
/* End PBXProject section */

/* Begin PBXResourcesBuildPhase section */
		47DD3A0F28DC0C6E002C8A19 /* Resources */ = {
			isa = PBXResourcesBuildPhase;
			buildActionMask = 2147483647;
			files = (
				47DD3A1C28DC0C6F002C8A19 /* Preview Assets.xcassets in Resources */,
				47DD3A1928DC0C6F002C8A19 /* Assets.xcassets in Resources */,
			);
			runOnlyForDeploymentPostprocessing = 0;
		};
		47DD3A1F28DC0C6F002C8A19 /* Resources */ = {
			isa = PBXResourcesBuildPhase;
			buildActionMask = 2147483647;
			files = (
			);
			runOnlyForDeploymentPostprocessing = 0;
		};
		47DD3A2928DC0C6F002C8A19 /* Resources */ = {
			isa = PBXResourcesBuildPhase;
			buildActionMask = 2147483647;
			files = (
			);
			runOnlyForDeploymentPostprocessing = 0;
		};
/* End PBXResourcesBuildPhase section */

/* Begin PBXSourcesBuildPhase section */
		47DD3A0D28DC0C6E002C8A19 /* Sources */ = {
			isa = PBXSourcesBuildPhase;
			buildActionMask = 2147483647;
			files = (
				47DD3A1728DC0C6E002C8A19 /* ContentView.swift in Sources */,
				47DD3A4028DC0C90002C8A19 /* Home.swift in Sources */,
				47DD3A1528DC0C6E002C8A19 /* UI_676App.swift in Sources */,
			);
			runOnlyForDeploymentPostprocessing = 0;
		};
		47DD3A1D28DC0C6F002C8A19 /* Sources */ = {
			isa = PBXSourcesBuildPhase;
			buildActionMask = 2147483647;
			files = (
				47DD3A2628DC0C6F002C8A19 /* UI_676Tests.swift in Sources */,
			);
			runOnlyForDeploymentPostprocessing = 0;
		};
		47DD3A2728DC0C6F002C8A19 /* Sources */ = {
			isa = PBXSourcesBuildPhase;
			buildActionMask = 2147483647;
			files = (
				47DD3A3228DC0C6F002C8A19 /* UI_676UITestsLaunchTests.swift in Sources */,
				47DD3A3028DC0C6F002C8A19 /* UI_676UITests.swift in Sources */,
			);
			runOnlyForDeploymentPostprocessing = 0;
		};
/* End PBXSourcesBuildPhase section */

/* Begin PBXTargetDependency section */
		47DD3A2328DC0C6F002C8A19 /* PBXTargetDependency */ = {
			isa = PBXTargetDependency;
			target = 47DD3A1028DC0C6E002C8A19 /* UI-676 */;
			targetProxy = 47DD3A2228DC0C6F002C8A19 /* PBXContainerItemProxy */;
		};
		47DD3A2D28DC0C6F002C8A19 /* PBXTargetDependency */ = {
			isa = PBXTargetDependency;
			target = 47DD3A1028DC0C6E002C8A19 /* UI-676 */;
			targetProxy = 47DD3A2C28DC0C6F002C8A19 /* PBXContainerItemProxy */;
		};
/* End PBXTargetDependency section */

/* Begin XCBuildConfiguration section */
		47DD3A3328DC0C6F002C8A19 /* Debug */ = {
			isa = XCBuildConfiguration;
			buildSettings = {
				ALWAYS_SEARCH_USER_PATHS = NO;
				CLANG_ANALYZER_NONNULL = YES;
				CLANG_ANALYZER_NUMBER_OBJECT_CONVERSION = YES_AGGRESSIVE;
				CLANG_CXX_LANGUAGE_STANDARD = "gnu++20";
				CLANG_ENABLE_MODULES = YES;
				CLANG_ENABLE_OBJC_ARC = YES;
				CLANG_ENABLE_OBJC_WEAK = YES;
				CLANG_WARN_BLOCK_CAPTURE_AUTORELEASING = YES;
				CLANG_WARN_BOOL_CONVERSION = YES;
				CLANG_WARN_COMMA = YES;
				CLANG_WARN_CONSTANT_CONVERSION = YES;
				CLANG_WARN_DEPRECATED_OBJC_IMPLEMENTATIONS = YES;
				CLANG_WARN_DIRECT_OBJC_ISA_USAGE = YES_ERROR;
				CLANG_WARN_DOCUMENTATION_COMMENTS = YES;
				CLANG_WARN_EMPTY_BODY = YES;
				CLANG_WARN_ENUM_CONVERSION = YES;
				CLANG_WARN_INFINITE_RECURSION = YES;
				CLANG_WARN_INT_CONVERSION = YES;
				CLANG_WARN_NON_LITERAL_NULL_CONVERSION = YES;
				CLANG_WARN_OBJC_IMPLICIT_RETAIN_SELF = YES;
				CLANG_WARN_OBJC_LITERAL_CONVERSION = YES;
				CLANG_WARN_OBJC_ROOT_CLASS = YES_ERROR;
				CLANG_WARN_QUOTED_INCLUDE_IN_FRAMEWORK_HEADER = YES;
				CLANG_WARN_RANGE_LOOP_ANALYSIS = YES;
				CLANG_WARN_STRICT_PROTOTYPES = YES;
				CLANG_WARN_SUSPICIOUS_MOVE = YES;
				CLANG_WARN_UNGUARDED_AVAILABILITY = YES_AGGRESSIVE;
				CLANG_WARN_UNREACHABLE_CODE = YES;
				CLANG_WARN__DUPLICATE_METHOD_MATCH = YES;
				COPY_PHASE_STRIP = NO;
				DEBUG_INFORMATION_FORMAT = dwarf;
				ENABLE_STRICT_OBJC_MSGSEND = YES;
				ENABLE_TESTABILITY = YES;
				GCC_C_LANGUAGE_STANDARD = gnu11;
				GCC_DYNAMIC_NO_PIC = NO;
				GCC_NO_COMMON_BLOCKS = YES;
				GCC_OPTIMIZATION_LEVEL = 0;
				GCC_PREPROCESSOR_DEFINITIONS = (
					"DEBUG=1",
					"$(inherited)",
				);
				GCC_WARN_64_TO_32_BIT_CONVERSION = YES;
				GCC_WARN_ABOUT_RETURN_TYPE = YES_ERROR;
				GCC_WARN_UNDECLARED_SELECTOR = YES;
				GCC_WARN_UNINITIALIZED_AUTOS = YES_AGGRESSIVE;
				GCC_WARN_UNUSED_FUNCTION = YES;
				GCC_WARN_UNUSED_VARIABLE = YES;
				IPHONEOS_DEPLOYMENT_TARGET = 16.1;
				MTL_ENABLE_DEBUG_INFO = INCLUDE_SOURCE;
				MTL_FAST_MATH = YES;
				ONLY_ACTIVE_ARCH = YES;
				SDKROOT = iphoneos;
				SWIFT_ACTIVE_COMPILATION_CONDITIONS = DEBUG;
				SWIFT_OPTIMIZATION_LEVEL = "-Onone";
			};
			name = Debug;
		};
		47DD3A3428DC0C6F002C8A19 /* Release */ = {
			isa = XCBuildConfiguration;
			buildSettings = {
				ALWAYS_SEARCH_USER_PATHS = NO;
				CLANG_ANALYZER_NONNULL = YES;
				CLANG_ANALYZER_NUMBER_OBJECT_CONVERSION = YES_AGGRESSIVE;
				CLANG_CXX_LANGUAGE_STANDARD = "gnu++20";
				CLANG_ENABLE_MODULES = YES;
				CLANG_ENABLE_OBJC_ARC = YES;
				CLANG_ENABLE_OBJC_WEAK = YES;
				CLANG_WARN_BLOCK_CAPTURE_AUTORELEASING = YES;
				CLANG_WARN_BOOL_CONVERSION = YES;
				CLANG_WARN_COMMA = YES;
				CLANG_WARN_CONSTANT_CONVERSION = YES;
				CLANG_WARN_DEPRECATED_OBJC_IMPLEMENTATIONS = YES;
				CLANG_WARN_DIRECT_OBJC_ISA_USAGE = YES_ERROR;
				CLANG_WARN_DOCUMENTATION_COMMENTS = YES;
				CLANG_WARN_EMPTY_BODY = YES;
				CLANG_WARN_ENUM_CONVERSION = YES;
				CLANG_WARN_INFINITE_RECURSION = YES;
				CLANG_WARN_INT_CONVERSION = YES;
				CLANG_WARN_NON_LITERAL_NULL_CONVERSION = YES;
				CLANG_WARN_OBJC_IMPLICIT_RETAIN_SELF = YES;
				CLANG_WARN_OBJC_LITERAL_CONVERSION = YES;
				CLANG_WARN_OBJC_ROOT_CLASS = YES_ERROR;
				CLANG_WARN_QUOTED_INCLUDE_IN_FRAMEWORK_HEADER = YES;
				CLANG_WARN_RANGE_LOOP_ANALYSIS = YES;
				CLANG_WARN_STRICT_PROTOTYPES = YES;
				CLANG_WARN_SUSPICIOUS_MOVE = YES;
				CLANG_WARN_UNGUARDED_AVAILABILITY = YES_AGGRESSIVE;
				CLANG_WARN_UNREACHABLE_CODE = YES;
				CLANG_WARN__DUPLICATE_METHOD_MATCH = YES;
				COPY_PHASE_STRIP = NO;
				DEBUG_INFORMATION_FORMAT = "dwarf-with-dsym";
				ENABLE_NS_ASSERTIONS = NO;
				ENABLE_STRICT_OBJC_MSGSEND = YES;
				GCC_C_LANGUAGE_STANDARD = gnu11;
				GCC_NO_COMMON_BLOCKS = YES;
				GCC_WARN_64_TO_32_BIT_CONVERSION = YES;
				GCC_WARN_ABOUT_RETURN_TYPE = YES_ERROR;
				GCC_WARN_UNDECLARED_SELECTOR = YES;
				GCC_WARN_UNINITIALIZED_AUTOS = YES_AGGRESSIVE;
				GCC_WARN_UNUSED_FUNCTION = YES;
				GCC_WARN_UNUSED_VARIABLE = YES;
				IPHONEOS_DEPLOYMENT_TARGET = 16.1;
				MTL_ENABLE_DEBUG_INFO = NO;
				MTL_FAST_MATH = YES;
				SDKROOT = iphoneos;
				SWIFT_COMPILATION_MODE = wholemodule;
				SWIFT_OPTIMIZATION_LEVEL = "-O";
				VALIDATE_PRODUCT = YES;
			};
			name = Release;
		};
		47DD3A3628DC0C6F002C8A19 /* Debug */ = {
			isa = XCBuildConfiguration;
			buildSettings = {
				ASSETCATALOG_COMPILER_APPICON_NAME = AppIcon;
				ASSETCATALOG_COMPILER_GLOBAL_ACCENT_COLOR_NAME = AccentColor;
				CODE_SIGN_STYLE = Automatic;
				CURRENT_PROJECT_VERSION = 1;
				DEVELOPMENT_ASSET_PATHS = "\"UI-676/Preview Content\"";
				DEVELOPMENT_TEAM = 8CL4U468K5;
				ENABLE_PREVIEWS = YES;
				GENERATE_INFOPLIST_FILE = YES;
				INFOPLIST_KEY_UIApplicationSceneManifest_Generation = YES;
				INFOPLIST_KEY_UIApplicationSupportsIndirectInputEvents = YES;
				INFOPLIST_KEY_UILaunchScreen_Generation = YES;
				INFOPLIST_KEY_UISupportedInterfaceOrientations_iPad = "UIInterfaceOrientationPortrait UIInterfaceOrientationPortraitUpsideDown UIInterfaceOrientationLandscapeLeft UIInterfaceOrientationLandscapeRight";
				INFOPLIST_KEY_UISupportedInterfaceOrientations_iPhone = "UIInterfaceOrientationPortrait UIInterfaceOrientationLandscapeLeft UIInterfaceOrientationLandscapeRight";
				LD_RUNPATH_SEARCH_PATHS = (
					"$(inherited)",
					"@executable_path/Frameworks",
				);
				MARKETING_VERSION = 1.0;
				PRODUCT_BUNDLE_IDENTIFIER = "com.585.UI-676";
				PRODUCT_NAME = "$(TARGET_NAME)";
				SWIFT_EMIT_LOC_STRINGS = YES;
				SWIFT_VERSION = 5.0;
				TARGETED_DEVICE_FAMILY = "1,2";
			};
			name = Debug;
		};
		47DD3A3728DC0C6F002C8A19 /* Release */ = {
			isa = XCBuildConfiguration;
			buildSettings = {
				ASSETCATALOG_COMPILER_APPICON_NAME = AppIcon;
				ASSETCATALOG_COMPILER_GLOBAL_ACCENT_COLOR_NAME = AccentColor;
				CODE_SIGN_STYLE = Automatic;
				CURRENT_PROJECT_VERSION = 1;
				DEVELOPMENT_ASSET_PATHS = "\"UI-676/Preview Content\"";
				DEVELOPMENT_TEAM = 8CL4U468K5;
				ENABLE_PREVIEWS = YES;
				GENERATE_INFOPLIST_FILE = YES;
				INFOPLIST_KEY_UIApplicationSceneManifest_Generation = YES;
				INFOPLIST_KEY_UIApplicationSupportsIndirectInputEvents = YES;
				INFOPLIST_KEY_UILaunchScreen_Generation = YES;
				INFOPLIST_KEY_UISupportedInterfaceOrientations_iPad = "UIInterfaceOrientationPortrait UIInterfaceOrientationPortraitUpsideDown UIInterfaceOrientationLandscapeLeft UIInterfaceOrientationLandscapeRight";
				INFOPLIST_KEY_UISupportedInterfaceOrientations_iPhone = "UIInterfaceOrientationPortrait UIInterfaceOrientationLandscapeLeft UIInterfaceOrientationLandscapeRight";
				LD_RUNPATH_SEARCH_PATHS = (
					"$(inherited)",
					"@executable_path/Frameworks",
				);
				MARKETING_VERSION = 1.0;
				PRODUCT_BUNDLE_IDENTIFIER = "com.585.UI-676";
				PRODUCT_NAME = "$(TARGET_NAME)";
				SWIFT_EMIT_LOC_STRINGS = YES;
				SWIFT_VERSION = 5.0;
				TARGETED_DEVICE_FAMILY = "1,2";
			};
			name = Release;
		};
		47DD3A3928DC0C6F002C8A19 /* Debug */ = {
			isa = XCBuildConfiguration;
			buildSettings = {
				ALWAYS_EMBED_SWIFT_STANDARD_LIBRARIES = YES;
				BUNDLE_LOADER = "$(TEST_HOST)";
				CODE_SIGN_STYLE = Automatic;
				CURRENT_PROJECT_VERSION = 1;
				DEVELOPMENT_TEAM = 8CL4U468K5;
				GENERATE_INFOPLIST_FILE = YES;
				IPHONEOS_DEPLOYMENT_TARGET = 16.1;
				MARKETING_VERSION = 1.0;
				PRODUCT_BUNDLE_IDENTIFIER = "com.585.UI-676Tests";
				PRODUCT_NAME = "$(TARGET_NAME)";
				SWIFT_EMIT_LOC_STRINGS = NO;
				SWIFT_VERSION = 5.0;
				TARGETED_DEVICE_FAMILY = "1,2";
				TEST_HOST = "$(BUILT_PRODUCTS_DIR)/UI-676.app/$(BUNDLE_EXECUTABLE_FOLDER_PATH)/UI-676";
			};
			name = Debug;
		};
		47DD3A3A28DC0C6F002C8A19 /* Release */ = {
			isa = XCBuildConfiguration;
			buildSettings = {
				ALWAYS_EMBED_SWIFT_STANDARD_LIBRARIES = YES;
				BUNDLE_LOADER = "$(TEST_HOST)";
				CODE_SIGN_STYLE = Automatic;
				CURRENT_PROJECT_VERSION = 1;
				DEVELOPMENT_TEAM = 8CL4U468K5;
				GENERATE_INFOPLIST_FILE = YES;
				IPHONEOS_DEPLOYMENT_TARGET = 16.1;
				MARKETING_VERSION = 1.0;
				PRODUCT_BUNDLE_IDENTIFIER = "com.585.UI-676Tests";
				PRODUCT_NAME = "$(TARGET_NAME)";
				SWIFT_EMIT_LOC_STRINGS = NO;
				SWIFT_VERSION = 5.0;
				TARGETED_DEVICE_FAMILY = "1,2";
				TEST_HOST = "$(BUILT_PRODUCTS_DIR)/UI-676.app/$(BUNDLE_EXECUTABLE_FOLDER_PATH)/UI-676";
			};
			name = Release;
		};
		47DD3A3C28DC0C6F002C8A19 /* Debug */ = {
			isa = XCBuildConfiguration;
			buildSettings = {
				ALWAYS_EMBED_SWIFT_STANDARD_LIBRARIES = YES;
				CODE_SIGN_STYLE = Automatic;
				CURRENT_PROJECT_VERSION = 1;
				DEVELOPMENT_TEAM = 8CL4U468K5;
				GENERATE_INFOPLIST_FILE = YES;
				MARKETING_VERSION = 1.0;
				PRODUCT_BUNDLE_IDENTIFIER = "com.585.UI-676UITests";
				PRODUCT_NAME = "$(TARGET_NAME)";
				SWIFT_EMIT_LOC_STRINGS = NO;
				SWIFT_VERSION = 5.0;
				TARGETED_DEVICE_FAMILY = "1,2";
				TEST_TARGET_NAME = "UI-676";
			};
			name = Debug;
		};
		47DD3A3D28DC0C6F002C8A19 /* Release */ = {
			isa = XCBuildConfiguration;
			buildSettings = {
				ALWAYS_EMBED_SWIFT_STANDARD_LIBRARIES = YES;
				CODE_SIGN_STYLE = Automatic;
				CURRENT_PROJECT_VERSION = 1;
				DEVELOPMENT_TEAM = 8CL4U468K5;
				GENERATE_INFOPLIST_FILE = YES;
				MARKETING_VERSION = 1.0;
				PRODUCT_BUNDLE_IDENTIFIER = "com.585.UI-676UITests";
				PRODUCT_NAME = "$(TARGET_NAME)";
				SWIFT_EMIT_LOC_STRINGS = NO;
				SWIFT_VERSION = 5.0;
				TARGETED_DEVICE_FAMILY = "1,2";
				TEST_TARGET_NAME = "UI-676";
			};
			name = Release;
		};
/* End XCBuildConfiguration section */

/* Begin XCConfigurationList section */
		47DD3A0C28DC0C6E002C8A19 /* Build configuration list for PBXProject "UI-676" */ = {
			isa = XCConfigurationList;
			buildConfigurations = (
				47DD3A3328DC0C6F002C8A19 /* Debug */,
				47DD3A3428DC0C6F002C8A19 /* Release */,
			);
			defaultConfigurationIsVisible = 0;
			defaultConfigurationName = Release;
		};
		47DD3A3528DC0C6F002C8A19 /* Build configuration list for PBXNativeTarget "UI-676" */ = {
			isa = XCConfigurationList;
			buildConfigurations = (
				47DD3A3628DC0C6F002C8A19 /* Debug */,
				47DD3A3728DC0C6F002C8A19 /* Release */,
			);
			defaultConfigurationIsVisible = 0;
			defaultConfigurationName = Release;
		};
		47DD3A3828DC0C6F002C8A19 /* Build configuration list for PBXNativeTarget "UI-676Tests" */ = {
			isa = XCConfigurationList;
			buildConfigurations = (
				47DD3A3928DC0C6F002C8A19 /* Debug */,
				47DD3A3A28DC0C6F002C8A19 /* Release */,
			);
			defaultConfigurationIsVisible = 0;
			defaultConfigurationName = Release;
		};
		47DD3A3B28DC0C6F002C8A19 /* Build configuration list for PBXNativeTarget "UI-676UITests" */ = {
			isa = XCConfigurationList;
			buildConfigurations = (
				47DD3A3C28DC0C6F002C8A19 /* Debug */,
				47DD3A3D28DC0C6F002C8A19 /* Release */,
			);
			defaultConfigurationIsVisible = 0;
			defaultConfigurationName = Release;
		};
/* End XCConfigurationList section */
	};
	rootObject = 47DD3A0928DC0C6E002C8A19 /* Project object */;
}
